<?xml version="1.0" encoding="utf-8"?>
<Project ToolsVersion="4.0" xmlns="http://schemas.microsoft.com/developer/msbuild/2003">
  <ItemGroup>
    <Filter Include="Source Files">
      <UniqueIdentifier>{394e9e07-c706-43f4-a32c-df7c137765bb}</UniqueIdentifier>
      <Extensions>cpp;c;cxx;rc;def;r;odl;idl;hpj;bat</Extensions>
    </Filter>
    <Filter Include="Header Files">
      <UniqueIdentifier>{96753414-a1f7-40c8-b344-7a48b1c471b6}</UniqueIdentifier>
      <Extensions>h;hpp;hxx;hm;inl</Extensions>
    </Filter>
  </ItemGroup>
  <ItemGroup>
    <ClCompile Include="App.cpp">
      <Filter>Source Files</Filter>
    </ClCompile>
    <ClCompile Include="ControlUI2py.cpp">
      <Filter>Source Files</Filter>
    </ClCompile>
    <ClCompile Include="dui-python.cpp">
      <Filter>Source Files</Filter>
    </ClCompile>
    <ClCompile Include="DuiString2py.cpp">
      <Filter>Source Files</Filter>
    </ClCompile>
    <ClCompile Include="MDbgHelper.cpp">
      <Filter>Source Files</Filter>
    </ClCompile>
    <ClCompile Include="PyException.cpp">
      <Filter>Source Files</Filter>
    </ClCompile>
    <ClCompile Include="PyFrameCreator.cpp">
      <Filter>Source Files</Filter>
    </ClCompile>
    <ClCompile Include="PyFrameUI.cpp">
      <Filter>Source Files</Filter>
    </ClCompile>
    <ClCompile Include="PyModuleImport.cpp">
      <Filter>Source Files</Filter>
    </ClCompile>
    <ClCompile Include="StdAfx.cpp">
      <Filter>Source Files</Filter>
    </ClCompile>
    <ClCompile Include="Util.cpp">
      <Filter>Source Files</Filter>
    </ClCompile>
    <ClCompile Include="Win32Api.cpp">
      <Filter>Source Files</Filter>
    </ClCompile>
    <ClCompile Include="WinSys.cpp">
      <Filter>Source Files</Filter>
    </ClCompile>
  </ItemGroup>
  <ItemGroup>
    <ResourceCompile Include="PyWinUI.rc">
      <Filter>Source Files</Filter>
    </ResourceCompile>
  </ItemGroup>
  <ItemGroup>
    <ClInclude Include="duilib-python.h">
      <Filter>Header Files</Filter>
    </ClInclude>
    <ClInclude Include="file.h">
      <Filter>Header Files</Filter>
    </ClInclude>
    <ClInclude Include="MDbgHelper.h">
      <Filter>Header Files</Filter>
    </ClInclude>
    <ClInclude Include="PyException.h">
      <Filter>Header Files</Filter>
    </ClInclude>
    <ClInclude Include="PyFrameCreator.hpp">
      <Filter>Header Files</Filter>
    </ClInclude>
    <ClInclude Include="PyFrameUI.hpp">
      <Filter>Header Files</Filter>
    </ClInclude>
    <ClInclude Include="PyModuleImport.h">
      <Filter>Header Files</Filter>
    </ClInclude>
    <ClInclude Include="resource.h">
      <Filter>Header Files</Filter>
    </ClInclude>
    <ClInclude Include="StdAfx.h">
      <Filter>Header Files</Filter>
    </ClInclude>
    <ClInclude Include="Util.h">
      <Filter>Header Files</Filter>
    </ClInclude>
    <ClInclude Include="Win32Api.h">
      <Filter>Header Files</Filter>
    </ClInclude>
    <ClInclude Include="WinSys.h">
      <Filter>Header Files</Filter>
    </ClInclude>
  </ItemGroup>
  <ItemGroup>
    <Image Include="Res\xprincess.ico" />
  </ItemGroup>
</Project>